version = "0"

[dependency]
  aiml = [{version = "2.2.2", installer = "conan", type = "sdk", ref = "aiml/2.2.2@silabs#cdf25c3e219b72f94bee62f629122a0c"}]
  cmake = [{version = "3.30.2", installer = "conan", type = "apack", ref = "cmake/3.30.2@silabs#8798657aa78b2da38a3ae465f2d10090"}]
  gcc-arm-none-eabi = [{version = "12.2.rel1", installer = "conan", type = "toolchain", ref = "gcc-arm-none-eabi/12.2.rel1@silabs#a2910f647691a3764cd3e48412673f25"}]
  ninja = [{version = "1.12.1", installer = "conan", type = "apack", ref = "ninja/1.12.1@silabs#9ce59e07a142d4da1c532b49742fe16d"}]
  simplicity-sdk = [{version = "2025.12.3", installer = "conan", type = "sdk", ref = "simplicity-sdk/2025.12.3@silabs#6aa9cc1b19b6623422bce6b44886d329"}]
  wiseconnect = [{version = "4.0.2", installer = "conan", type = "sdk", ref = "wiseconnect/4.0.2@silabs#6d7bfeea08df185d9646c2c8798a896c"}]
  python = [{version = "3.10.3", installer = "archive", type = "tools"}]
  java21 = [{version = "21.0.6", installer = "archive", type = "tools"}]
  zap = [{version = "2026.06.17", installer = "archive", type = "apack"}]
  commander = [{version = "1.24.3", installer = "archive", type = "apack"}]
  sdm-cli = [{version = "0.102.8", installer = "archive", type = "apack"}]
  sdm-service = [{version = "0.102.8", installer = "archive", type = "apack"}]
  sdm-ui = [{version = "0.102.8", installer = "archive", type = "software"}]
  sdm-meta = [{version = "0.102.8", installer = "archive", type = "software"}]
  sdm-mcp = [{version = "0.102.8", installer = "archive", type = "software"}]
  sdm-shrike = [{version = "0.102.8", installer = "archive", type = "software"}]
  segger-driver = [{version = "2.70.8", installer = "archive", type = "software"}]
  hw-db-service-executable = [{version = "1.1.113", installer = "archive", type = "apack"}]
  hw-db-service-data-ga = [{version = "1.1.113", installer = "archive", type = "software"}]
  slc-cli = [{version = "6.0.23", installer = "archive", type = "tools"}]
  sdm = [{version = "0.102.8", installer = "archive", type = "software"}]

[engine]
  conan-repos = [
    "https://conan.silabs.net",
  ]

[settings]
  dependency-check = "true"

