
Microsoft Visual Studio Solution File, Format Version 12.00
# Visual Studio Version 17
VisualStudioVersion = 17.0.31903.59
MinimumVisualStudioVersion = 10.0.40219.1
Project("{2150E333-8FDC-42A3-9474-1A3956D46DE8}") = "src", "src", "{80CAEF15-2DD1-4333-AEBD-DD691543DE62}"
EndProject
Project("{FAE04EC0-301F-11D3-BF4B-00C04F79EFBC}") = "HisServer", "src\HisServer\HisServer.csproj", "{9618D35A-230B-4285-91F4-EAA7195A198A}"
EndProject
Global
	GlobalSection(SolutionConfigurationPlatforms) = preSolution
		Debug|Any CPU = Debug|Any CPU
		Release|Any CPU = Release|Any CPU
	EndGlobalSection
	GlobalSection(SolutionProperties) = preSolution
		HideSolutionNode = FALSE
	EndGlobalSection
	GlobalSection(ProjectConfigurationPlatforms) = postSolution
		{9618D35A-230B-4285-91F4-EAA7195A198A}.Debug|Any CPU.ActiveCfg = Debug|Any CPU
		{9618D35A-230B-4285-91F4-EAA7195A198A}.Debug|Any CPU.Build.0 = Debug|Any CPU
		{9618D35A-230B-4285-91F4-EAA7195A198A}.Release|Any CPU.ActiveCfg = Release|Any CPU
		{9618D35A-230B-4285-91F4-EAA7195A198A}.Release|Any CPU.Build.0 = Release|Any CPU
	EndGlobalSection
	GlobalSection(NestedProjects) = preSolution
		{9618D35A-230B-4285-91F4-EAA7195A198A} = {80CAEF15-2DD1-4333-AEBD-DD691543DE62}
	EndGlobalSection
EndGlobal
